<?xml version="1.0" encoding="utf-8"?>
<Project ToolsVersion="4.0" xmlns="http://schemas.microsoft.com/developer/msbuild/2003">
  <ItemGroup>
    <CudaCompile Include="kernel.cu" />
    <CudaCompile Include="..\Libraries\BasicCalculationUseCUDA\BasicCalculationUseCUDA.cu">
      <Filter>Libraries</Filter>
    </CudaCompile>
  </ItemGroup>
  <ItemGroup>
    <Filter Include="Libraries">
      <UniqueIdentifier>{b6c2acc3-d40c-41db-b0a9-98a0f1e58000}</UniqueIdentifier>
    </Filter>
  </ItemGroup>
  <ItemGroup>
    <ClInclude Include="Libraries.cuh">
      <Filter>Libraries</Filter>
    </ClInclude>
    <ClInclude Include="..\Libraries\BasicCalculationUseCUDA\BasicCalculationUseCUDA.cuh">
      <Filter>Libraries</Filter>
    </ClInclude>
  </ItemGroup>
</Project>